
Microsoft Visual Studio Solution File, Format Version 12.00
# Visual Studio 2012
Project("{FAE04EC0-301F-11D3-BF4B-00C04F79EFBC}") = "CSerpisAd", "CSerpisAd\CSerpisAd.csproj", "{43B55702-43A3-471F-80D7-BCCFD9CD5752}"
EndProject
Global
	GlobalSection(SolutionConfigurationPlatforms) = preSolution
		Debug|Any CPU = Debug|Any CPU
		Release|Any CPU = Release|Any CPU
	EndGlobalSection
	GlobalSection(ProjectConfigurationPlatforms) = postSolution
		{43B55702-43A3-471F-80D7-BCCFD9CD5752}.Debug|Any CPU.ActiveCfg = Debug|Any CPU
		{43B55702-43A3-471F-80D7-BCCFD9CD5752}.Debug|Any CPU.Build.0 = Debug|Any CPU
		{43B55702-43A3-471F-80D7-BCCFD9CD5752}.Release|Any CPU.ActiveCfg = Release|Any CPU
		{43B55702-43A3-471F-80D7-BCCFD9CD5752}.Release|Any CPU.Build.0 = Release|Any CPU
	EndGlobalSection
EndGlobal
